// !$*UTF8*$!
{
	archiveVersion = 1;
	classes = {
	};
	objectVersion = 46;
	objects = {

/* Begin PBXBuildFile section */
		AB054DD31E9A7512004A09E1 /* BrightOSDLevelIndicator.swift in Sources */ = {isa = PBXBuildFile; fileRef = AB054DD21E9A7512004A09E1 /* BrightOSDLevelIndicator.swift */; };
		AB79D04F1E9A61BA00290696 /* BrightOSDBrightnessImageView.swift in Sources */ = {isa = PBXBuildFile; fileRef = AB79D04E1E9A61BA00290696 /* BrightOSDBrightnessImageView.swift */; };
		AB8B070C1E9A428C00E323E6 /* main.swift in Sources */ = {isa = PBXBuildFile; fileRef = AB8B070B1E9A428C00E323E6 /* main.swift */; };
		AB8B07141E9A42EB00E323E6 /* BrightOSDServerController.swift in Sources */ = {isa = PBXBuildFile; fileRef = AB8B07131E9A42EB00E323E6 /* BrightOSDServerController.swift */; };
		AB8B07171E9A434000E323E6 /* Config.swift in Sources */ = {isa = PBXBuildFile; fileRef = AB8B07161E9A434000E323E6 /* Config.swift */; };
/* End PBXBuildFile section */

/* Begin PBXCopyFilesBuildPhase section */
		AB8B07061E9A428B00E323E6 /* CopyFiles */ = {
			isa = PBXCopyFilesBuildPhase;
			buildActionMask = 2147483647;
			dstPath = /usr/share/man/man1/;
			dstSubfolderSpec = 0;
			files = (
			);
			runOnlyForDeploymentPostprocessing = 1;
		};
/* End PBXCopyFilesBuildPhase section */

/* Begin PBXFileReference section */
		AB054DD21E9A7512004A09E1 /* BrightOSDLevelIndicator.swift */ = {isa = PBXFileReference; fileEncoding = 4; lastKnownFileType = sourcecode.swift; path = BrightOSDLevelIndicator.swift; sourceTree = "<group>"; };
		AB79D04E1E9A61BA00290696 /* BrightOSDBrightnessImageView.swift */ = {isa = PBXFileReference; fileEncoding = 4; lastKnownFileType = sourcecode.swift; path = BrightOSDBrightnessImageView.swift; sourceTree = "<group>"; };
		AB8B07081E9A428B00E323E6 /* brightosdserver */ = {isa = PBXFileReference; explicitFileType = "compiled.mach-o.executable"; includeInIndex = 0; path = brightosdserver; sourceTree = BUILT_PRODUCTS_DIR; };
		AB8B070B1E9A428C00E323E6 /* main.swift */ = {isa = PBXFileReference; lastKnownFileType = sourcecode.swift; path = main.swift; sourceTree = "<group>"; };
		AB8B07131E9A42EB00E323E6 /* BrightOSDServerController.swift */ = {isa = PBXFileReference; fileEncoding = 4; lastKnownFileType = sourcecode.swift; path = BrightOSDServerController.swift; sourceTree = "<group>"; };
		AB8B07161E9A434000E323E6 /* Config.swift */ = {isa = PBXFileReference; fileEncoding = 4; lastKnownFileType = sourcecode.swift; path = Config.swift; sourceTree = "<group>"; };
/* End PBXFileReference section */

/* Begin PBXFrameworksBuildPhase section */
		AB8B07051E9A428B00E323E6 /* Frameworks */ = {
			isa = PBXFrameworksBuildPhase;
			buildActionMask = 2147483647;
			files = (
			);
			runOnlyForDeploymentPostprocessing = 0;
		};
/* End PBXFrameworksBuildPhase section */

/* Begin PBXGroup section */
		AB79D04D1E9A61A600290696 /* src */ = {
			isa = PBXGroup;
			children = (
				AB79D04E1E9A61BA00290696 /* BrightOSDBrightnessImageView.swift */,
				AB054DD21E9A7512004A09E1 /* BrightOSDLevelIndicator.swift */,
			);
			name = src;
			sourceTree = "<group>";
		};
		AB8B06FF1E9A428B00E323E6 = {
			isa = PBXGroup;
			children = (
				AB8B070A1E9A428B00E323E6 /* BrightOSDServer */,
				AB8B07091E9A428B00E323E6 /* Products */,
			);
			sourceTree = "<group>";
		};
		AB8B07091E9A428B00E323E6 /* Products */ = {
			isa = PBXGroup;
			children = (
				AB8B07081E9A428B00E323E6 /* brightosdserver */,
			);
			name = Products;
			sourceTree = "<group>";
		};
		AB8B070A1E9A428B00E323E6 /* BrightOSDServer */ = {
			isa = PBXGroup;
			children = (
				AB8B07151E9A432E00E323E6 /* Config */,
				AB8B07121E9A42D400E323E6 /* Controller */,
				AB79D04D1E9A61A600290696 /* src */,
				AB8B070B1E9A428C00E323E6 /* main.swift */,
			);
			path = BrightOSDServer;
			sourceTree = "<group>";
		};
		AB8B07121E9A42D400E323E6 /* Controller */ = {
			isa = PBXGroup;
			children = (
				AB8B07131E9A42EB00E323E6 /* BrightOSDServerController.swift */,
			);
			name = Controller;
			sourceTree = "<group>";
		};
		AB8B07151E9A432E00E323E6 /* Config */ = {
			isa = PBXGroup;
			children = (
				AB8B07161E9A434000E323E6 /* Config.swift */,
			);
			name = Config;
			sourceTree = "<group>";
		};
/* End PBXGroup section */

/* Begin PBXNativeTarget section */
		AB8B07071E9A428B00E323E6 /* brightosdserver */ = {
			isa = PBXNativeTarget;
			buildConfigurationList = AB8B070F1E9A428C00E323E6 /* Build configuration list for PBXNativeTarget "brightosdserver" */;
			buildPhases = (
				AB8B07041E9A428B00E323E6 /* Sources */,
				AB8B07051E9A428B00E323E6 /* Frameworks */,
				AB8B07061E9A428B00E323E6 /* CopyFiles */,
			);
			buildRules = (
			);
			dependencies = (
			);
			name = brightosdserver;
			productName = BrightOSDServer;
			productReference = AB8B07081E9A428B00E323E6 /* brightosdserver */;
			productType = "com.apple.product-type.tool";
		};
/* End PBXNativeTarget section */

/* Begin PBXProject section */
		AB8B07001E9A428B00E323E6 /* Project object */ = {
			isa = PBXProject;
			attributes = {
				LastSwiftUpdateCheck = 0830;
				LastUpgradeCheck = 0830;
				ORGANIZATIONNAME = "Jonathan James Cosgrove";
				TargetAttributes = {
					AB8B07071E9A428B00E323E6 = {
						CreatedOnToolsVersion = 8.3;
						ProvisioningStyle = Automatic;
					};
				};
			};
			buildConfigurationList = AB8B07031E9A428B00E323E6 /* Build configuration list for PBXProject "BrightOSDServer" */;
			compatibilityVersion = "Xcode 3.2";
			developmentRegion = English;
			hasScannedForEncodings = 0;
			knownRegions = (
				en,
			);
			mainGroup = AB8B06FF1E9A428B00E323E6;
			productRefGroup = AB8B07091E9A428B00E323E6 /* Products */;
			projectDirPath = "";
			projectRoot = "";
			targets = (
				AB8B07071E9A428B00E323E6 /* brightosdserver */,
			);
		};
/* End PBXProject section */

/* Begin PBXSourcesBuildPhase section */
		AB8B07041E9A428B00E323E6 /* Sources */ = {
			isa = PBXSourcesBuildPhase;
			buildActionMask = 2147483647;
			files = (
				AB8B070C1E9A428C00E323E6 /* main.swift in Sources */,
				AB79D04F1E9A61BA00290696 /* BrightOSDBrightnessImageView.swift in Sources */,
				AB8B07141E9A42EB00E323E6 /* BrightOSDServerController.swift in Sources */,
				AB054DD31E9A7512004A09E1 /* BrightOSDLevelIndicator.swift in Sources */,
				AB8B07171E9A434000E323E6 /* Config.swift in Sources */,
			);
			runOnlyForDeploymentPostprocessing = 0;
		};
/* End PBXSourcesBuildPhase section */

/* Begin XCBuildConfiguration section */
		AB8B070D1E9A428C00E323E6 /* Debug */ = {
			isa = XCBuildConfiguration;
			buildSettings = {
				ALWAYS_SEARCH_USER_PATHS = NO;
				CLANG_ANALYZER_NONNULL = YES;
				CLANG_ANALYZER_NUMBER_OBJECT_CONVERSION = YES_AGGRESSIVE;
				CLANG_CXX_LANGUAGE_STANDARD = "gnu++0x";
				CLANG_CXX_LIBRARY = "libc++";
				CLANG_ENABLE_MODULES = YES;
				CLANG_ENABLE_OBJC_ARC = YES;
				CLANG_WARN_BOOL_CONVERSION = YES;
				CLANG_WARN_CONSTANT_CONVERSION = YES;
				CLANG_WARN_DIRECT_OBJC_ISA_USAGE = YES_ERROR;
				CLANG_WARN_DOCUMENTATION_COMMENTS = YES;
				CLANG_WARN_EMPTY_BODY = YES;
				CLANG_WARN_ENUM_CONVERSION = YES;
				CLANG_WARN_INFINITE_RECURSION = YES;
				CLANG_WARN_INT_CONVERSION = YES;
				CLANG_WARN_OBJC_ROOT_CLASS = YES_ERROR;
				CLANG_WARN_SUSPICIOUS_MOVE = YES;
				CLANG_WARN_UNREACHABLE_CODE = YES;
				CLANG_WARN__DUPLICATE_METHOD_MATCH = YES;
				CODE_SIGN_IDENTITY = "-";
				COPY_PHASE_STRIP = NO;
				DEBUG_INFORMATION_FORMAT = dwarf;
				ENABLE_STRICT_OBJC_MSGSEND = YES;
				ENABLE_TESTABILITY = YES;
				GCC_C_LANGUAGE_STANDARD = gnu99;
				GCC_DYNAMIC_NO_PIC = NO;
				GCC_NO_COMMON_BLOCKS = YES;
				GCC_OPTIMIZATION_LEVEL = 0;
				GCC_PREPROCESSOR_DEFINITIONS = (
					"DEBUG=1",
					"$(inherited)",
				);
				GCC_WARN_64_TO_32_BIT_CONVERSION = YES;
				GCC_WARN_ABOUT_RETURN_TYPE = YES_ERROR;
				GCC_WARN_UNDECLARED_SELECTOR = YES;
				GCC_WARN_UNINITIALIZED_AUTOS = YES_AGGRESSIVE;
				GCC_WARN_UNUSED_FUNCTION = YES;
				GCC_WARN_UNUSED_VARIABLE = YES;
				MACOSX_DEPLOYMENT_TARGET = 10.12;
				MTL_ENABLE_DEBUG_INFO = YES;
				ONLY_ACTIVE_ARCH = YES;
				SDKROOT = macosx;
				SWIFT_OPTIMIZATION_LEVEL = "-Onone";
			};
			name = Debug;
		};
		AB8B070E1E9A428C00E323E6 /* Release */ = {
			isa = XCBuildConfiguration;
			buildSettings = {
				ALWAYS_SEARCH_USER_PATHS = NO;
				CLANG_ANALYZER_NONNULL = YES;
				CLANG_ANALYZER_NUMBER_OBJECT_CONVERSION = YES_AGGRESSIVE;
				CLANG_CXX_LANGUAGE_STANDARD = "gnu++0x";
				CLANG_CXX_LIBRARY = "libc++";
				CLANG_ENABLE_MODULES = YES;
				CLANG_ENABLE_OBJC_ARC = YES;
				CLANG_WARN_BOOL_CONVERSION = YES;
				CLANG_WARN_CONSTANT_CONVERSION = YES;
				CLANG_WARN_DIRECT_OBJC_ISA_USAGE = YES_ERROR;
				CLANG_WARN_DOCUMENTATION_COMMENTS = YES;
				CLANG_WARN_EMPTY_BODY = YES;
				CLANG_WARN_ENUM_CONVERSION = YES;
				CLANG_WARN_INFINITE_RECURSION = YES;
				CLANG_WARN_INT_CONVERSION = YES;
				CLANG_WARN_OBJC_ROOT_CLASS = YES_ERROR;
				CLANG_WARN_SUSPICIOUS_MOVE = YES;
				CLANG_WARN_UNREACHABLE_CODE = YES;
				CLANG_WARN__DUPLICATE_METHOD_MATCH = YES;
				CODE_SIGN_IDENTITY = "-";
				COPY_PHASE_STRIP = NO;
				DEBUG_INFORMATION_FORMAT = "dwarf-with-dsym";
				ENABLE_NS_ASSERTIONS = NO;
				ENABLE_STRICT_OBJC_MSGSEND = YES;
				GCC_C_LANGUAGE_STANDARD = gnu99;
				GCC_NO_COMMON_BLOCKS = YES;
				GCC_WARN_64_TO_32_BIT_CONVERSION = YES;
				GCC_WARN_ABOUT_RETURN_TYPE = YES_ERROR;
				GCC_WARN_UNDECLARED_SELECTOR = YES;
				GCC_WARN_UNINITIALIZED_AUTOS = YES_AGGRESSIVE;
				GCC_WARN_UNUSED_FUNCTION = YES;
				GCC_WARN_UNUSED_VARIABLE = YES;
				MACOSX_DEPLOYMENT_TARGET = 10.12;
				MTL_ENABLE_DEBUG_INFO = NO;
				SDKROOT = macosx;
			};
			name = Release;
		};
		AB8B07101E9A428C00E323E6 /* Debug */ = {
			isa = XCBuildConfiguration;
			buildSettings = {
				PRODUCT_NAME = "$(TARGET_NAME)";
				SWIFT_VERSION = 3.0;
			};
			name = Debug;
		};
		AB8B07111E9A428C00E323E6 /* Release */ = {
			isa = XCBuildConfiguration;
			buildSettings = {
				PRODUCT_NAME = "$(TARGET_NAME)";
				SWIFT_VERSION = 3.0;
			};
			name = Release;
		};
/* End XCBuildConfiguration section */

/* Begin XCConfigurationList section */
		AB8B07031E9A428B00E323E6 /* Build configuration list for PBXProject "BrightOSDServer" */ = {
			isa = XCConfigurationList;
			buildConfigurations = (
				AB8B070D1E9A428C00E323E6 /* Debug */,
				AB8B070E1E9A428C00E323E6 /* Release */,
			);
			defaultConfigurationIsVisible = 0;
			defaultConfigurationName = Release;
		};
		AB8B070F1E9A428C00E323E6 /* Build configuration list for PBXNativeTarget "brightosdserver" */ = {
			isa = XCConfigurationList;
			buildConfigurations = (
				AB8B07101E9A428C00E323E6 /* Debug */,
				AB8B07111E9A428C00E323E6 /* Release */,
			);
			defaultConfigurationIsVisible = 0;
			defaultConfigurationName = Release;
		};
/* End XCConfigurationList section */
	};
	rootObject = AB8B07001E9A428B00E323E6 /* Project object */;
}
